
Microsoft Visual Studio Solution File, Format Version 12.00
# Visual Studio 15
VisualStudioVersion = 15.0.28010.2048
MinimumVisualStudioVersion = 10.0.40219.1
Project("{FAE04EC0-301F-11D3-BF4B-00C04F79EFBC}") = "CheckVentas", "CheckVentas\CheckVentas.csproj", "{22084D6C-BE9B-4100-B4B2-B78410A8C267}"
EndProject
Global
	GlobalSection(SolutionConfigurationPlatforms) = preSolution
		Debug|Any CPU = Debug|Any CPU
		Release|Any CPU = Release|Any CPU
	EndGlobalSection
	GlobalSection(ProjectConfigurationPlatforms) = postSolution
		{22084D6C-BE9B-4100-B4B2-B78410A8C267}.Debug|Any CPU.ActiveCfg = Debug|Any CPU
		{22084D6C-BE9B-4100-B4B2-B78410A8C267}.Debug|Any CPU.Build.0 = Debug|Any CPU
		{22084D6C-BE9B-4100-B4B2-B78410A8C267}.Release|Any CPU.ActiveCfg = Release|Any CPU
		{22084D6C-BE9B-4100-B4B2-B78410A8C267}.Release|Any CPU.Build.0 = Release|Any CPU
	EndGlobalSection
	GlobalSection(SolutionProperties) = preSolution
		HideSolutionNode = FALSE
	EndGlobalSection
	GlobalSection(ExtensibilityGlobals) = postSolution
		SolutionGuid = {7F03BB5B-F95D-4E05-B425-BB59126095C7}
	EndGlobalSection
EndGlobal
